
Microsoft Visual Studio Solution File, Format Version 12.00
# Visual Studio Version 16
VisualStudioVersion = 16.0.30621.155
MinimumVisualStudioVersion = 10.0.40219.1
Project("{2150E333-8FDC-42A3-9474-1A3956D46DE8}") = "Version", "Version", "{7FC8A273-583F-4F74-8E72-3E7061A03E59}"
	ProjectSection(SolutionItems) = preProject
		Version\ITAVersion.rh = Version\ITAVersion.rh
	EndProjectSection
EndProject
Project("{2150E333-8FDC-42A3-9474-1A3956D46DE8}") = "Solution Items", "Solution Items", "{D9C9CFBF-1589-4192-A217-C6FB39AA9849}"
	ProjectSection(SolutionItems) = preProject
		Directory.Build.props = Directory.Build.props
		Disclaimer.txt = Disclaimer.txt
		ITA.Common\FodyWeavers.xml = ITA.Common\FodyWeavers.xml
		LICENSE.txt = LICENSE.txt
	EndProjectSection
EndProject
Project("{9A19103F-16F7-4668-BE54-9A1E7A4F7556}") = "ITA.Common", "ITA.Common\ITA.Common.csproj", "{9EDC15EF-9CBB-404C-AA5E-B1E66F6F8F88}"
EndProject
Project("{9A19103F-16F7-4668-BE54-9A1E7A4F7556}") = "ITA.Common.Host", "ITA.Common.Host\ITA.Common.Host.csproj", "{4A81FFCD-5022-4BF2-AB9F-5BA2E895AC89}"
EndProject
Project("{9A19103F-16F7-4668-BE54-9A1E7A4F7556}") = "ITA.Common.ETW", "ITA.Common.ETW\ITA.Common.ETW.csproj", "{0C3D6CF2-BD1C-42B4-B720-F4BE535A22CE}"
EndProject
Project("{9A19103F-16F7-4668-BE54-9A1E7A4F7556}") = "ITA.Common.Unity", "ITA.Common.Unity\ITA.Common.Unity.csproj", "{8487D15C-378B-4777-8D30-7B7EE87D3F21}"
EndProject
Project("{9A19103F-16F7-4668-BE54-9A1E7A4F7556}") = "ITA.Common.ETWTest", "ITA.Common.ETWTest\ITA.Common.ETWTest.csproj", "{CCDB58DD-0247-452A-8174-D90B5DDD2FAE}"
EndProject
Project("{9A19103F-16F7-4668-BE54-9A1E7A4F7556}") = "ITA.Common.LINQ", "ITA.Common.LINQ\ITA.Common.LINQ.csproj", "{D6693D0A-5858-466E-8D0E-34966759205F}"
EndProject
Project("{9A19103F-16F7-4668-BE54-9A1E7A4F7556}") = "ITA.Common.Host.Windows", "ITA.Common.Host.Windows\ITA.Common.Host.Windows.csproj", "{21411EAC-4F11-433E-BEE1-4CECA869CDE5}"
EndProject
Project("{FAE04EC0-301F-11D3-BF4B-00C04F79EFBC}") = "ITA.Common.UI", "ITA.Common.UI\ITA.Common.UI.csproj", "{700A79EA-0B67-4317-A99B-C83F3DC5B3E8}"
EndProject
Project("{FAE04EC0-301F-11D3-BF4B-00C04F79EFBC}") = "ITA.Common.Host.Client", "ITA.Common.Host.Client\ITA.Common.Host.Client.csproj", "{CED0D0C3-5A7F-4085-B270-8029B2BE4EB9}"
EndProject
Project("{FAE04EC0-301F-11D3-BF4B-00C04F79EFBC}") = "ITA.Common.Host.Failover", "ITA.Common.Host.Failover\ITA.Common.Host.Failover.csproj", "{135A9CA4-FA03-4A06-94D2-F32DF4E1FFBF}"
EndProject
Project("{8BC9CEB8-8B4A-11D0-8D11-00A0C91BC942}") = "ITA.Common.Host.FailoverTest", "ITA.Common.Host.FailoverTest\ITA.Common.Host.FailoverTest.vcxproj", "{EB134065-6C0B-499F-AD2F-058692002378}"
EndProject
Project("{FAE04EC0-301F-11D3-BF4B-00C04F79EFBC}") = "ITA.Common.InstallHelper", "ITA.Common.InstallHelper\ITA.Common.InstallHelper.csproj", "{87C3609E-052D-4861-BB0D-6381AA02D75C}"
EndProject
Project("{FAE04EC0-301F-11D3-BF4B-00C04F79EFBC}") = "ITA.Common.WCF", "ITA.Common.WCF\ITA.Common.WCF.csproj", "{920CBEBA-1FBB-45A3-B4BC-192CCB3B1EB3}"
EndProject
Project("{FAE04EC0-301F-11D3-BF4B-00C04F79EFBC}") = "ITA.Common.WCF.HelpPageOfflineGenerator", "ITA.Common.WCF.HelpPageOfflineGenerator\ITA.Common.WCF.HelpPageOfflineGenerator.csproj", "{01296916-1D90-4A64-8A36-2BE81E8454E8}"
EndProject
Project("{FAE04EC0-301F-11D3-BF4B-00C04F79EFBC}") = "ITA.ErrorUITest", "ITA.ErrorUITest\ITA.ErrorUITest.csproj", "{85471A0A-CED7-4D25-A8B4-8FB03E990F4D}"
EndProject
Project("{FAE04EC0-301F-11D3-BF4B-00C04F79EFBC}") = "ITA.WizardFramework", "ITA.WizardFramework\ITA.WizardFramework.csproj", "{D9BF36F4-83E4-4DA0-90A7-1A5633E2F506}"
EndProject
Project("{FAE04EC0-301F-11D3-BF4B-00C04F79EFBC}") = "ITA.Wizards", "ITA.Wizards\ITA.Wizards.csproj", "{A80DDFCB-9EF7-4EB4-AE2A-A3463DA03E6A}"
EndProject
Project("{FAE04EC0-301F-11D3-BF4B-00C04F79EFBC}") = "ITA.WizardsUITest", "ITA.WizardsUITest\ITA.WizardsUITest.csproj", "{19042D50-DFE3-4A85-9EC8-BF3DF79C1D93}"
EndProject
Project("{FAE04EC0-301F-11D3-BF4B-00C04F79EFBC}") = "ITA.Common.Installers", "ITA.Common.Installers\ITA.Common.Installers.csproj", "{D6CFCD81-2DB9-455C-A4DC-1C6111C0CE8A}"
EndProject
Project("{2150E333-8FDC-42A3-9474-1A3956D46DE8}") = "Test", "Test", "{66176A9D-969E-43DE-80B7-D52ECBE30EF5}"
EndProject
Project("{9A19103F-16F7-4668-BE54-9A1E7A4F7556}") = "TestHostApp.BusinessComponent", "Test\TestHostApp.BusinessComponent\TestHostApp.BusinessComponent.csproj", "{D8C438D3-616A-48E0-A7AF-F19859FBD5FD}"
EndProject
Project("{9A19103F-16F7-4668-BE54-9A1E7A4F7556}") = "TestHostApp.Common", "Test\TestHostApp.Common\TestHostApp.Common.csproj", "{38F5467E-DDA8-4C63-8DD0-ADC4C91080A5}"
EndProject
Project("{9A19103F-16F7-4668-BE54-9A1E7A4F7556}") = "TestHostApp.Interfaces", "Test\TestHostApp.Interfaces\TestHostApp.Interfaces.csproj", "{869925F5-984B-41DC-B068-49B695D7524F}"
EndProject
Project("{9A19103F-16F7-4668-BE54-9A1E7A4F7556}") = "TestHostApp.DummyHost", "Test\TestHostApp.DummyHost\TestHostApp.DummyHost.csproj", "{40322F10-A462-43D2-A95B-5A24699D55A3}"
EndProject
Project("{9A19103F-16F7-4668-BE54-9A1E7A4F7556}") = "TestHostApp.Runner", "Test\TestHostApp.Runner\TestHostApp.Runner.csproj", "{EB29114A-A89C-47B6-8913-89EAA0F72B58}"
EndProject
Project("{FAE04EC0-301F-11D3-BF4B-00C04F79EFBC}") = "ITA.Common.Tests", "ITA.Common.Tests\ITA.Common.Tests.csproj", "{7FEFA76D-071F-4CED-86C9-AFCBB840D0B1}"
EndProject
Project("{8BC9CEB8-8B4A-11D0-8D11-00A0C91BC942}") = "ITA.Common.EventlogMessages", "ITA.EventlogMessages\EventlogMessages.vcxproj", "{B9DBF4D9-FEDD-427C-8D99-87DE533166C3}"
EndProject
Project("{9A19103F-16F7-4668-BE54-9A1E7A4F7556}") = "TestHostApp.WinServiceRunner", "Test\TestHostApp.WinServiceRunner\TestHostApp.WinServiceRunner.csproj", "{0DE5957F-D984-47AD-B09D-95189CFD7784}"
EndProject
Project("{FAE04EC0-301F-11D3-BF4B-00C04F79EFBC}") = "TestHostApp.FullNet.WinService", "Test\TestHostApp.FullNet.WinService\TestHostApp.FullNet.WinService.csproj", "{D01E690A-2983-408D-9D3D-70118F23D63B}"
EndProject
Project("{9A19103F-16F7-4668-BE54-9A1E7A4F7556}") = "ITA.Common.Host.EventCounters", "ITA.Common.Host.EventCounters\ITA.Common.Host.EventCounters.csproj", "{D804AB4D-3679-4BD2-A442-38DF452DBCAC}"
EndProject
Project("{9A19103F-16F7-4668-BE54-9A1E7A4F7556}") = "ITA.Common.Microservices", "ITA.Common.Microservices\ITA.Common.Microservices.csproj", "{59312A31-333D-4410-A24E-AFF4BCC34A5E}"
EndProject
Global
	GlobalSection(SolutionConfigurationPlatforms) = preSolution
		Debug|Any CPU = Debug|Any CPU
		Debug|x64 = Debug|x64
		Debug|x86 = Debug|x86
		Release|Any CPU = Release|Any CPU
		Release|x64 = Release|x64
		Release|x86 = Release|x86
	EndGlobalSection
	GlobalSection(ProjectConfigurationPlatforms) = postSolution
		{9EDC15EF-9CBB-404C-AA5E-B1E66F6F8F88}.Debug|Any CPU.ActiveCfg = Debug|Any CPU
		{9EDC15EF-9CBB-404C-AA5E-B1E66F6F8F88}.Debug|Any CPU.Build.0 = Debug|Any CPU
		{9EDC15EF-9CBB-404C-AA5E-B1E66F6F8F88}.Debug|x64.ActiveCfg = Debug|Any CPU
		{9EDC15EF-9CBB-404C-AA5E-B1E66F6F8F88}.Debug|x64.Build.0 = Debug|Any CPU
		{9EDC15EF-9CBB-404C-AA5E-B1E66F6F8F88}.Debug|x86.ActiveCfg = Debug|Any CPU
		{9EDC15EF-9CBB-404C-AA5E-B1E66F6F8F88}.Debug|x86.Build.0 = Debug|Any CPU
		{9EDC15EF-9CBB-404C-AA5E-B1E66F6F8F88}.Release|Any CPU.ActiveCfg = Release|Any CPU
		{9EDC15EF-9CBB-404C-AA5E-B1E66F6F8F88}.Release|Any CPU.Build.0 = Release|Any CPU
		{9EDC15EF-9CBB-404C-AA5E-B1E66F6F8F88}.Release|x64.ActiveCfg = Release|Any CPU
		{9EDC15EF-9CBB-404C-AA5E-B1E66F6F8F88}.Release|x64.Build.0 = Release|Any CPU
		{9EDC15EF-9CBB-404C-AA5E-B1E66F6F8F88}.Release|x86.ActiveCfg = Release|Any CPU
		{9EDC15EF-9CBB-404C-AA5E-B1E66F6F8F88}.Release|x86.Build.0 = Release|Any CPU
		{4A81FFCD-5022-4BF2-AB9F-5BA2E895AC89}.Debug|Any CPU.ActiveCfg = Debug|Any CPU
		{4A81FFCD-5022-4BF2-AB9F-5BA2E895AC89}.Debug|Any CPU.Build.0 = Debug|Any CPU
		{4A81FFCD-5022-4BF2-AB9F-5BA2E895AC89}.Debug|x64.ActiveCfg = Debug|Any CPU
		{4A81FFCD-5022-4BF2-AB9F-5BA2E895AC89}.Debug|x64.Build.0 = Debug|Any CPU
		{4A81FFCD-5022-4BF2-AB9F-5BA2E895AC89}.Debug|x86.ActiveCfg = Debug|Any CPU
		{4A81FFCD-5022-4BF2-AB9F-5BA2E895AC89}.Debug|x86.Build.0 = Debug|Any CPU
		{4A81FFCD-5022-4BF2-AB9F-5BA2E895AC89}.Release|Any CPU.ActiveCfg = Release|Any CPU
		{4A81FFCD-5022-4BF2-AB9F-5BA2E895AC89}.Release|Any CPU.Build.0 = Release|Any CPU
		{4A81FFCD-5022-4BF2-AB9F-5BA2E895AC89}.Release|x64.ActiveCfg = Release|Any CPU
		{4A81FFCD-5022-4BF2-AB9F-5BA2E895AC89}.Release|x64.Build.0 = Release|Any CPU
		{4A81FFCD-5022-4BF2-AB9F-5BA2E895AC89}.Release|x86.ActiveCfg = Release|Any CPU
		{4A81FFCD-5022-4BF2-AB9F-5BA2E895AC89}.Release|x86.Build.0 = Release|Any CPU
		{0C3D6CF2-BD1C-42B4-B720-F4BE535A22CE}.Debug|Any CPU.ActiveCfg = Debug|Any CPU
		{0C3D6CF2-BD1C-42B4-B720-F4BE535A22CE}.Debug|Any CPU.Build.0 = Debug|Any CPU
		{0C3D6CF2-BD1C-42B4-B720-F4BE535A22CE}.Debug|x64.ActiveCfg = Debug|Any CPU
		{0C3D6CF2-BD1C-42B4-B720-F4BE535A22CE}.Debug|x64.Build.0 = Debug|Any CPU
		{0C3D6CF2-BD1C-42B4-B720-F4BE535A22CE}.Debug|x86.ActiveCfg = Debug|Any CPU
		{0C3D6CF2-BD1C-42B4-B720-F4BE535A22CE}.Debug|x86.Build.0 = Debug|Any CPU
		{0C3D6CF2-BD1C-42B4-B720-F4BE535A22CE}.Release|Any CPU.ActiveCfg = Release|Any CPU
		{0C3D6CF2-BD1C-42B4-B720-F4BE535A22CE}.Release|Any CPU.Build.0 = Release|Any CPU
		{0C3D6CF2-BD1C-42B4-B720-F4BE535A22CE}.Release|x64.ActiveCfg = Release|Any CPU
		{0C3D6CF2-BD1C-42B4-B720-F4BE535A22CE}.Release|x64.Build.0 = Release|Any CPU
		{0C3D6CF2-BD1C-42B4-B720-F4BE535A22CE}.Release|x86.ActiveCfg = Release|Any CPU
		{0C3D6CF2-BD1C-42B4-B720-F4BE535A22CE}.Release|x86.Build.0 = Release|Any CPU
		{8487D15C-378B-4777-8D30-7B7EE87D3F21}.Debug|Any CPU.ActiveCfg = Debug|Any CPU
		{8487D15C-378B-4777-8D30-7B7EE87D3F21}.Debug|Any CPU.Build.0 = Debug|Any CPU
		{8487D15C-378B-4777-8D30-7B7EE87D3F21}.Debug|x64.ActiveCfg = Debug|Any CPU
		{8487D15C-378B-4777-8D30-7B7EE87D3F21}.Debug|x64.Build.0 = Debug|Any CPU
		{8487D15C-378B-4777-8D30-7B7EE87D3F21}.Debug|x86.ActiveCfg = Debug|Any CPU
		{8487D15C-378B-4777-8D30-7B7EE87D3F21}.Debug|x86.Build.0 = Debug|Any CPU
		{8487D15C-378B-4777-8D30-7B7EE87D3F21}.Release|Any CPU.ActiveCfg = Release|Any CPU
		{8487D15C-378B-4777-8D30-7B7EE87D3F21}.Release|Any CPU.Build.0 = Release|Any CPU
		{8487D15C-378B-4777-8D30-7B7EE87D3F21}.Release|x64.ActiveCfg = Release|Any CPU
		{8487D15C-378B-4777-8D30-7B7EE87D3F21}.Release|x64.Build.0 = Release|Any CPU
		{8487D15C-378B-4777-8D30-7B7EE87D3F21}.Release|x86.ActiveCfg = Release|Any CPU
		{8487D15C-378B-4777-8D30-7B7EE87D3F21}.Release|x86.Build.0 = Release|Any CPU
		{CCDB58DD-0247-452A-8174-D90B5DDD2FAE}.Debug|Any CPU.ActiveCfg = Debug|Any CPU
		{CCDB58DD-0247-452A-8174-D90B5DDD2FAE}.Debug|Any CPU.Build.0 = Debug|Any CPU
		{CCDB58DD-0247-452A-8174-D90B5DDD2FAE}.Debug|x64.ActiveCfg = Debug|Any CPU
		{CCDB58DD-0247-452A-8174-D90B5DDD2FAE}.Debug|x64.Build.0 = Debug|Any CPU
		{CCDB58DD-0247-452A-8174-D90B5DDD2FAE}.Debug|x86.ActiveCfg = Debug|Any CPU
		{CCDB58DD-0247-452A-8174-D90B5DDD2FAE}.Debug|x86.Build.0 = Debug|Any CPU
		{CCDB58DD-0247-452A-8174-D90B5DDD2FAE}.Release|Any CPU.ActiveCfg = Release|Any CPU
		{CCDB58DD-0247-452A-8174-D90B5DDD2FAE}.Release|Any CPU.Build.0 = Release|Any CPU
		{CCDB58DD-0247-452A-8174-D90B5DDD2FAE}.Release|x64.ActiveCfg = Release|Any CPU
		{CCDB58DD-0247-452A-8174-D90B5DDD2FAE}.Release|x64.Build.0 = Release|Any CPU
		{CCDB58DD-0247-452A-8174-D90B5DDD2FAE}.Release|x86.ActiveCfg = Release|Any CPU
		{CCDB58DD-0247-452A-8174-D90B5DDD2FAE}.Release|x86.Build.0 = Release|Any CPU
		{D6693D0A-5858-466E-8D0E-34966759205F}.Debug|Any CPU.ActiveCfg = Debug|Any CPU
		{D6693D0A-5858-466E-8D0E-34966759205F}.Debug|Any CPU.Build.0 = Debug|Any CPU
		{D6693D0A-5858-466E-8D0E-34966759205F}.Debug|x64.ActiveCfg = Debug|Any CPU
		{D6693D0A-5858-466E-8D0E-34966759205F}.Debug|x64.Build.0 = Debug|Any CPU
		{D6693D0A-5858-466E-8D0E-34966759205F}.Debug|x86.ActiveCfg = Debug|Any CPU
		{D6693D0A-5858-466E-8D0E-34966759205F}.Debug|x86.Build.0 = Debug|Any CPU
		{D6693D0A-5858-466E-8D0E-34966759205F}.Release|Any CPU.ActiveCfg = Release|Any CPU
		{D6693D0A-5858-466E-8D0E-34966759205F}.Release|Any CPU.Build.0 = Release|Any CPU
		{D6693D0A-5858-466E-8D0E-34966759205F}.Release|x64.ActiveCfg = Release|Any CPU
		{D6693D0A-5858-466E-8D0E-34966759205F}.Release|x64.Build.0 = Release|Any CPU
		{D6693D0A-5858-466E-8D0E-34966759205F}.Release|x86.ActiveCfg = Release|Any CPU
		{D6693D0A-5858-466E-8D0E-34966759205F}.Release|x86.Build.0 = Release|Any CPU
		{21411EAC-4F11-433E-BEE1-4CECA869CDE5}.Debug|Any CPU.ActiveCfg = Debug|Any CPU
		{21411EAC-4F11-433E-BEE1-4CECA869CDE5}.Debug|Any CPU.Build.0 = Debug|Any CPU
		{21411EAC-4F11-433E-BEE1-4CECA869CDE5}.Debug|x64.ActiveCfg = Debug|Any CPU
		{21411EAC-4F11-433E-BEE1-4CECA869CDE5}.Debug|x64.Build.0 = Debug|Any CPU
		{21411EAC-4F11-433E-BEE1-4CECA869CDE5}.Debug|x86.ActiveCfg = Debug|Any CPU
		{21411EAC-4F11-433E-BEE1-4CECA869CDE5}.Debug|x86.Build.0 = Debug|Any CPU
		{21411EAC-4F11-433E-BEE1-4CECA869CDE5}.Release|Any CPU.ActiveCfg = Release|Any CPU
		{21411EAC-4F11-433E-BEE1-4CECA869CDE5}.Release|Any CPU.Build.0 = Release|Any CPU
		{21411EAC-4F11-433E-BEE1-4CECA869CDE5}.Release|x64.ActiveCfg = Release|Any CPU
		{21411EAC-4F11-433E-BEE1-4CECA869CDE5}.Release|x64.Build.0 = Release|Any CPU
		{21411EAC-4F11-433E-BEE1-4CECA869CDE5}.Release|x86.ActiveCfg = Release|Any CPU
		{21411EAC-4F11-433E-BEE1-4CECA869CDE5}.Release|x86.Build.0 = Release|Any CPU
		{700A79EA-0B67-4317-A99B-C83F3DC5B3E8}.Debug|Any CPU.ActiveCfg = Debug|Any CPU
		{700A79EA-0B67-4317-A99B-C83F3DC5B3E8}.Debug|Any CPU.Build.0 = Debug|Any CPU
		{700A79EA-0B67-4317-A99B-C83F3DC5B3E8}.Debug|x64.ActiveCfg = Debug|Any CPU
		{700A79EA-0B67-4317-A99B-C83F3DC5B3E8}.Debug|x64.Build.0 = Debug|Any CPU
		{700A79EA-0B67-4317-A99B-C83F3DC5B3E8}.Debug|x86.ActiveCfg = Debug|Any CPU
		{700A79EA-0B67-4317-A99B-C83F3DC5B3E8}.Debug|x86.Build.0 = Debug|Any CPU
		{700A79EA-0B67-4317-A99B-C83F3DC5B3E8}.Release|Any CPU.ActiveCfg = Release|Any CPU
		{700A79EA-0B67-4317-A99B-C83F3DC5B3E8}.Release|Any CPU.Build.0 = Release|Any CPU
		{700A79EA-0B67-4317-A99B-C83F3DC5B3E8}.Release|x64.ActiveCfg = Release|Any CPU
		{700A79EA-0B67-4317-A99B-C83F3DC5B3E8}.Release|x64.Build.0 = Release|Any CPU
		{700A79EA-0B67-4317-A99B-C83F3DC5B3E8}.Release|x86.ActiveCfg = Release|Any CPU
		{700A79EA-0B67-4317-A99B-C83F3DC5B3E8}.Release|x86.Build.0 = Release|Any CPU
		{CED0D0C3-5A7F-4085-B270-8029B2BE4EB9}.Debug|Any CPU.ActiveCfg = Debug|Any CPU
		{CED0D0C3-5A7F-4085-B270-8029B2BE4EB9}.Debug|Any CPU.Build.0 = Debug|Any CPU
		{CED0D0C3-5A7F-4085-B270-8029B2BE4EB9}.Debug|x64.ActiveCfg = Debug|Any CPU
		{CED0D0C3-5A7F-4085-B270-8029B2BE4EB9}.Debug|x64.Build.0 = Debug|Any CPU
		{CED0D0C3-5A7F-4085-B270-8029B2BE4EB9}.Debug|x86.ActiveCfg = Debug|Any CPU
		{CED0D0C3-5A7F-4085-B270-8029B2BE4EB9}.Debug|x86.Build.0 = Debug|Any CPU
		{CED0D0C3-5A7F-4085-B270-8029B2BE4EB9}.Release|Any CPU.ActiveCfg = Release|Any CPU
		{CED0D0C3-5A7F-4085-B270-8029B2BE4EB9}.Release|Any CPU.Build.0 = Release|Any CPU
		{CED0D0C3-5A7F-4085-B270-8029B2BE4EB9}.Release|x64.ActiveCfg = Release|Any CPU
		{CED0D0C3-5A7F-4085-B270-8029B2BE4EB9}.Release|x64.Build.0 = Release|Any CPU
		{CED0D0C3-5A7F-4085-B270-8029B2BE4EB9}.Release|x86.ActiveCfg = Release|Any CPU
		{CED0D0C3-5A7F-4085-B270-8029B2BE4EB9}.Release|x86.Build.0 = Release|Any CPU
		{135A9CA4-FA03-4A06-94D2-F32DF4E1FFBF}.Debug|Any CPU.ActiveCfg = Debug|Any CPU
		{135A9CA4-FA03-4A06-94D2-F32DF4E1FFBF}.Debug|Any CPU.Build.0 = Debug|Any CPU
		{135A9CA4-FA03-4A06-94D2-F32DF4E1FFBF}.Debug|x64.ActiveCfg = Debug|x64
		{135A9CA4-FA03-4A06-94D2-F32DF4E1FFBF}.Debug|x64.Build.0 = Debug|x64
		{135A9CA4-FA03-4A06-94D2-F32DF4E1FFBF}.Debug|x86.ActiveCfg = Debug|x86
		{135A9CA4-FA03-4A06-94D2-F32DF4E1FFBF}.Debug|x86.Build.0 = Debug|x86
		{135A9CA4-FA03-4A06-94D2-F32DF4E1FFBF}.Release|Any CPU.ActiveCfg = Release|Any CPU
		{135A9CA4-FA03-4A06-94D2-F32DF4E1FFBF}.Release|Any CPU.Build.0 = Release|Any CPU
		{135A9CA4-FA03-4A06-94D2-F32DF4E1FFBF}.Release|x64.ActiveCfg = Release|x64
		{135A9CA4-FA03-4A06-94D2-F32DF4E1FFBF}.Release|x64.Build.0 = Release|x64
		{135A9CA4-FA03-4A06-94D2-F32DF4E1FFBF}.Release|x86.ActiveCfg = Release|x86
		{135A9CA4-FA03-4A06-94D2-F32DF4E1FFBF}.Release|x86.Build.0 = Release|x86
		{EB134065-6C0B-499F-AD2F-058692002378}.Debug|Any CPU.ActiveCfg = Debug|Win32
		{EB134065-6C0B-499F-AD2F-058692002378}.Debug|x64.ActiveCfg = Debug|x64
		{EB134065-6C0B-499F-AD2F-058692002378}.Debug|x64.Build.0 = Debug|x64
		{EB134065-6C0B-499F-AD2F-058692002378}.Debug|x86.ActiveCfg = Debug|Win32
		{EB134065-6C0B-499F-AD2F-058692002378}.Debug|x86.Build.0 = Debug|Win32
		{EB134065-6C0B-499F-AD2F-058692002378}.Release|Any CPU.ActiveCfg = Release|Win32
		{EB134065-6C0B-499F-AD2F-058692002378}.Release|x64.ActiveCfg = Release|x64
		{EB134065-6C0B-499F-AD2F-058692002378}.Release|x64.Build.0 = Release|x64
		{EB134065-6C0B-499F-AD2F-058692002378}.Release|x86.ActiveCfg = Release|Win32
		{EB134065-6C0B-499F-AD2F-058692002378}.Release|x86.Build.0 = Release|Win32
		{87C3609E-052D-4861-BB0D-6381AA02D75C}.Debug|Any CPU.ActiveCfg = Debug|Any CPU
		{87C3609E-052D-4861-BB0D-6381AA02D75C}.Debug|Any CPU.Build.0 = Debug|Any CPU
		{87C3609E-052D-4861-BB0D-6381AA02D75C}.Debug|x64.ActiveCfg = Debug|Any CPU
		{87C3609E-052D-4861-BB0D-6381AA02D75C}.Debug|x64.Build.0 = Debug|Any CPU
		{87C3609E-052D-4861-BB0D-6381AA02D75C}.Debug|x86.ActiveCfg = Debug|Any CPU
		{87C3609E-052D-4861-BB0D-6381AA02D75C}.Debug|x86.Build.0 = Debug|Any CPU
		{87C3609E-052D-4861-BB0D-6381AA02D75C}.Release|Any CPU.ActiveCfg = Release|Any CPU
		{87C3609E-052D-4861-BB0D-6381AA02D75C}.Release|Any CPU.Build.0 = Release|Any CPU
		{87C3609E-052D-4861-BB0D-6381AA02D75C}.Release|x64.ActiveCfg = Release|Any CPU
		{87C3609E-052D-4861-BB0D-6381AA02D75C}.Release|x64.Build.0 = Release|Any CPU
		{87C3609E-052D-4861-BB0D-6381AA02D75C}.Release|x86.ActiveCfg = Release|Any CPU
		{87C3609E-052D-4861-BB0D-6381AA02D75C}.Release|x86.Build.0 = Release|Any CPU
		{920CBEBA-1FBB-45A3-B4BC-192CCB3B1EB3}.Debug|Any CPU.ActiveCfg = Debug|Any CPU
		{920CBEBA-1FBB-45A3-B4BC-192CCB3B1EB3}.Debug|Any CPU.Build.0 = Debug|Any CPU
		{920CBEBA-1FBB-45A3-B4BC-192CCB3B1EB3}.Debug|x64.ActiveCfg = Debug|Any CPU
		{920CBEBA-1FBB-45A3-B4BC-192CCB3B1EB3}.Debug|x64.Build.0 = Debug|Any CPU
		{920CBEBA-1FBB-45A3-B4BC-192CCB3B1EB3}.Debug|x86.ActiveCfg = Debug|Any CPU
		{920CBEBA-1FBB-45A3-B4BC-192CCB3B1EB3}.Debug|x86.Build.0 = Debug|Any CPU
		{920CBEBA-1FBB-45A3-B4BC-192CCB3B1EB3}.Release|Any CPU.ActiveCfg = Release|Any CPU
		{920CBEBA-1FBB-45A3-B4BC-192CCB3B1EB3}.Release|Any CPU.Build.0 = Release|Any CPU
		{920CBEBA-1FBB-45A3-B4BC-192CCB3B1EB3}.Release|x64.ActiveCfg = Release|Any CPU
		{920CBEBA-1FBB-45A3-B4BC-192CCB3B1EB3}.Release|x64.Build.0 = Release|Any CPU
		{920CBEBA-1FBB-45A3-B4BC-192CCB3B1EB3}.Release|x86.ActiveCfg = Release|Any CPU
		{920CBEBA-1FBB-45A3-B4BC-192CCB3B1EB3}.Release|x86.Build.0 = Release|Any CPU
		{01296916-1D90-4A64-8A36-2BE81E8454E8}.Debug|Any CPU.ActiveCfg = Debug|Any CPU
		{01296916-1D90-4A64-8A36-2BE81E8454E8}.Debug|Any CPU.Build.0 = Debug|Any CPU
		{01296916-1D90-4A64-8A36-2BE81E8454E8}.Debug|x64.ActiveCfg = Debug|Any CPU
		{01296916-1D90-4A64-8A36-2BE81E8454E8}.Debug|x64.Build.0 = Debug|Any CPU
		{01296916-1D90-4A64-8A36-2BE81E8454E8}.Debug|x86.ActiveCfg = Debug|Any CPU
		{01296916-1D90-4A64-8A36-2BE81E8454E8}.Debug|x86.Build.0 = Debug|Any CPU
		{01296916-1D90-4A64-8A36-2BE81E8454E8}.Release|Any CPU.ActiveCfg = Release|Any CPU
		{01296916-1D90-4A64-8A36-2BE81E8454E8}.Release|Any CPU.Build.0 = Release|Any CPU
		{01296916-1D90-4A64-8A36-2BE81E8454E8}.Release|x64.ActiveCfg = Release|Any CPU
		{01296916-1D90-4A64-8A36-2BE81E8454E8}.Release|x64.Build.0 = Release|Any CPU
		{01296916-1D90-4A64-8A36-2BE81E8454E8}.Release|x86.ActiveCfg = Release|Any CPU
		{01296916-1D90-4A64-8A36-2BE81E8454E8}.Release|x86.Build.0 = Release|Any CPU
		{85471A0A-CED7-4D25-A8B4-8FB03E990F4D}.Debug|Any CPU.ActiveCfg = Debug|Any CPU
		{85471A0A-CED7-4D25-A8B4-8FB03E990F4D}.Debug|Any CPU.Build.0 = Debug|Any CPU
		{85471A0A-CED7-4D25-A8B4-8FB03E990F4D}.Debug|x64.ActiveCfg = Debug|Any CPU
		{85471A0A-CED7-4D25-A8B4-8FB03E990F4D}.Debug|x64.Build.0 = Debug|Any CPU
		{85471A0A-CED7-4D25-A8B4-8FB03E990F4D}.Debug|x86.ActiveCfg = Debug|Any CPU
		{85471A0A-CED7-4D25-A8B4-8FB03E990F4D}.Debug|x86.Build.0 = Debug|Any CPU
		{85471A0A-CED7-4D25-A8B4-8FB03E990F4D}.Release|Any CPU.ActiveCfg = Release|Any CPU
		{85471A0A-CED7-4D25-A8B4-8FB03E990F4D}.Release|Any CPU.Build.0 = Release|Any CPU
		{85471A0A-CED7-4D25-A8B4-8FB03E990F4D}.Release|x64.ActiveCfg = Release|Any CPU
		{85471A0A-CED7-4D25-A8B4-8FB03E990F4D}.Release|x64.Build.0 = Release|Any CPU
		{85471A0A-CED7-4D25-A8B4-8FB03E990F4D}.Release|x86.ActiveCfg = Release|Any CPU
		{85471A0A-CED7-4D25-A8B4-8FB03E990F4D}.Release|x86.Build.0 = Release|Any CPU
		{D9BF36F4-83E4-4DA0-90A7-1A5633E2F506}.Debug|Any CPU.ActiveCfg = Debug|Any CPU
		{D9BF36F4-83E4-4DA0-90A7-1A5633E2F506}.Debug|Any CPU.Build.0 = Debug|Any CPU
		{D9BF36F4-83E4-4DA0-90A7-1A5633E2F506}.Debug|x64.ActiveCfg = Debug|Any CPU
		{D9BF36F4-83E4-4DA0-90A7-1A5633E2F506}.Debug|x64.Build.0 = Debug|Any CPU
		{D9BF36F4-83E4-4DA0-90A7-1A5633E2F506}.Debug|x86.ActiveCfg = Debug|Any CPU
		{D9BF36F4-83E4-4DA0-90A7-1A5633E2F506}.Debug|x86.Build.0 = Debug|Any CPU
		{D9BF36F4-83E4-4DA0-90A7-1A5633E2F506}.Release|Any CPU.ActiveCfg = Release|Any CPU
		{D9BF36F4-83E4-4DA0-90A7-1A5633E2F506}.Release|Any CPU.Build.0 = Release|Any CPU
		{D9BF36F4-83E4-4DA0-90A7-1A5633E2F506}.Release|x64.ActiveCfg = Release|Any CPU
		{D9BF36F4-83E4-4DA0-90A7-1A5633E2F506}.Release|x64.Build.0 = Release|Any CPU
		{D9BF36F4-83E4-4DA0-90A7-1A5633E2F506}.Release|x86.ActiveCfg = Release|Any CPU
		{D9BF36F4-83E4-4DA0-90A7-1A5633E2F506}.Release|x86.Build.0 = Release|Any CPU
		{A80DDFCB-9EF7-4EB4-AE2A-A3463DA03E6A}.Debug|Any CPU.ActiveCfg = Debug|Any CPU
		{A80DDFCB-9EF7-4EB4-AE2A-A3463DA03E6A}.Debug|Any CPU.Build.0 = Debug|Any CPU
		{A80DDFCB-9EF7-4EB4-AE2A-A3463DA03E6A}.Debug|x64.ActiveCfg = Debug|Any CPU
		{A80DDFCB-9EF7-4EB4-AE2A-A3463DA03E6A}.Debug|x64.Build.0 = Debug|Any CPU
		{A80DDFCB-9EF7-4EB4-AE2A-A3463DA03E6A}.Debug|x86.ActiveCfg = Debug|Any CPU
		{A80DDFCB-9EF7-4EB4-AE2A-A3463DA03E6A}.Debug|x86.Build.0 = Debug|Any CPU
		{A80DDFCB-9EF7-4EB4-AE2A-A3463DA03E6A}.Release|Any CPU.ActiveCfg = Release|Any CPU
		{A80DDFCB-9EF7-4EB4-AE2A-A3463DA03E6A}.Release|Any CPU.Build.0 = Release|Any CPU
		{A80DDFCB-9EF7-4EB4-AE2A-A3463DA03E6A}.Release|x64.ActiveCfg = Release|Any CPU
		{A80DDFCB-9EF7-4EB4-AE2A-A3463DA03E6A}.Release|x64.Build.0 = Release|Any CPU
		{A80DDFCB-9EF7-4EB4-AE2A-A3463DA03E6A}.Release|x86.ActiveCfg = Release|Any CPU
		{A80DDFCB-9EF7-4EB4-AE2A-A3463DA03E6A}.Release|x86.Build.0 = Release|Any CPU
		{19042D50-DFE3-4A85-9EC8-BF3DF79C1D93}.Debug|Any CPU.ActiveCfg = Debug|Any CPU
		{19042D50-DFE3-4A85-9EC8-BF3DF79C1D93}.Debug|Any CPU.Build.0 = Debug|Any CPU
		{19042D50-DFE3-4A85-9EC8-BF3DF79C1D93}.Debug|x64.ActiveCfg = Debug|Any CPU
		{19042D50-DFE3-4A85-9EC8-BF3DF79C1D93}.Debug|x64.Build.0 = Debug|Any CPU
		{19042D50-DFE3-4A85-9EC8-BF3DF79C1D93}.Debug|x86.ActiveCfg = Debug|Any CPU
		{19042D50-DFE3-4A85-9EC8-BF3DF79C1D93}.Debug|x86.Build.0 = Debug|Any CPU
		{19042D50-DFE3-4A85-9EC8-BF3DF79C1D93}.Release|Any CPU.ActiveCfg = Release|Any CPU
		{19042D50-DFE3-4A85-9EC8-BF3DF79C1D93}.Release|Any CPU.Build.0 = Release|Any CPU
		{19042D50-DFE3-4A85-9EC8-BF3DF79C1D93}.Release|x64.ActiveCfg = Release|Any CPU
		{19042D50-DFE3-4A85-9EC8-BF3DF79C1D93}.Release|x64.Build.0 = Release|Any CPU
		{19042D50-DFE3-4A85-9EC8-BF3DF79C1D93}.Release|x86.ActiveCfg = Release|Any CPU
		{19042D50-DFE3-4A85-9EC8-BF3DF79C1D93}.Release|x86.Build.0 = Release|Any CPU
		{D6CFCD81-2DB9-455C-A4DC-1C6111C0CE8A}.Debug|Any CPU.ActiveCfg = Debug|Any CPU
		{D6CFCD81-2DB9-455C-A4DC-1C6111C0CE8A}.Debug|Any CPU.Build.0 = Debug|Any CPU
		{D6CFCD81-2DB9-455C-A4DC-1C6111C0CE8A}.Debug|x64.ActiveCfg = Debug|Any CPU
		{D6CFCD81-2DB9-455C-A4DC-1C6111C0CE8A}.Debug|x64.Build.0 = Debug|Any CPU
		{D6CFCD81-2DB9-455C-A4DC-1C6111C0CE8A}.Debug|x86.ActiveCfg = Debug|Any CPU
		{D6CFCD81-2DB9-455C-A4DC-1C6111C0CE8A}.Debug|x86.Build.0 = Debug|Any CPU
		{D6CFCD81-2DB9-455C-A4DC-1C6111C0CE8A}.Release|Any CPU.ActiveCfg = Release|Any CPU
		{D6CFCD81-2DB9-455C-A4DC-1C6111C0CE8A}.Release|Any CPU.Build.0 = Release|Any CPU
		{D6CFCD81-2DB9-455C-A4DC-1C6111C0CE8A}.Release|x64.ActiveCfg = Release|Any CPU
		{D6CFCD81-2DB9-455C-A4DC-1C6111C0CE8A}.Release|x64.Build.0 = Release|Any CPU
		{D6CFCD81-2DB9-455C-A4DC-1C6111C0CE8A}.Release|x86.ActiveCfg = Release|Any CPU
		{D6CFCD81-2DB9-455C-A4DC-1C6111C0CE8A}.Release|x86.Build.0 = Release|Any CPU
		{D8C438D3-616A-48E0-A7AF-F19859FBD5FD}.Debug|Any CPU.ActiveCfg = Debug|Any CPU
		{D8C438D3-616A-48E0-A7AF-F19859FBD5FD}.Debug|Any CPU.Build.0 = Debug|Any CPU
		{D8C438D3-616A-48E0-A7AF-F19859FBD5FD}.Debug|x64.ActiveCfg = Debug|Any CPU
		{D8C438D3-616A-48E0-A7AF-F19859FBD5FD}.Debug|x64.Build.0 = Debug|Any CPU
		{D8C438D3-616A-48E0-A7AF-F19859FBD5FD}.Debug|x86.ActiveCfg = Debug|Any CPU
		{D8C438D3-616A-48E0-A7AF-F19859FBD5FD}.Debug|x86.Build.0 = Debug|Any CPU
		{D8C438D3-616A-48E0-A7AF-F19859FBD5FD}.Release|Any CPU.ActiveCfg = Release|Any CPU
		{D8C438D3-616A-48E0-A7AF-F19859FBD5FD}.Release|Any CPU.Build.0 = Release|Any CPU
		{D8C438D3-616A-48E0-A7AF-F19859FBD5FD}.Release|x64.ActiveCfg = Release|Any CPU
		{D8C438D3-616A-48E0-A7AF-F19859FBD5FD}.Release|x64.Build.0 = Release|Any CPU
		{D8C438D3-616A-48E0-A7AF-F19859FBD5FD}.Release|x86.ActiveCfg = Release|Any CPU
		{D8C438D3-616A-48E0-A7AF-F19859FBD5FD}.Release|x86.Build.0 = Release|Any CPU
		{38F5467E-DDA8-4C63-8DD0-ADC4C91080A5}.Debug|Any CPU.ActiveCfg = Debug|Any CPU
		{38F5467E-DDA8-4C63-8DD0-ADC4C91080A5}.Debug|Any CPU.Build.0 = Debug|Any CPU
		{38F5467E-DDA8-4C63-8DD0-ADC4C91080A5}.Debug|x64.ActiveCfg = Debug|Any CPU
		{38F5467E-DDA8-4C63-8DD0-ADC4C91080A5}.Debug|x64.Build.0 = Debug|Any CPU
		{38F5467E-DDA8-4C63-8DD0-ADC4C91080A5}.Debug|x86.ActiveCfg = Debug|Any CPU
		{38F5467E-DDA8-4C63-8DD0-ADC4C91080A5}.Debug|x86.Build.0 = Debug|Any CPU
		{38F5467E-DDA8-4C63-8DD0-ADC4C91080A5}.Release|Any CPU.ActiveCfg = Release|Any CPU
		{38F5467E-DDA8-4C63-8DD0-ADC4C91080A5}.Release|Any CPU.Build.0 = Release|Any CPU
		{38F5467E-DDA8-4C63-8DD0-ADC4C91080A5}.Release|x64.ActiveCfg = Release|Any CPU
		{38F5467E-DDA8-4C63-8DD0-ADC4C91080A5}.Release|x64.Build.0 = Release|Any CPU
		{38F5467E-DDA8-4C63-8DD0-ADC4C91080A5}.Release|x86.ActiveCfg = Release|Any CPU
		{38F5467E-DDA8-4C63-8DD0-ADC4C91080A5}.Release|x86.Build.0 = Release|Any CPU
		{869925F5-984B-41DC-B068-49B695D7524F}.Debug|Any CPU.ActiveCfg = Debug|Any CPU
		{869925F5-984B-41DC-B068-49B695D7524F}.Debug|Any CPU.Build.0 = Debug|Any CPU
		{869925F5-984B-41DC-B068-49B695D7524F}.Debug|x64.ActiveCfg = Debug|Any CPU
		{869925F5-984B-41DC-B068-49B695D7524F}.Debug|x64.Build.0 = Debug|Any CPU
		{869925F5-984B-41DC-B068-49B695D7524F}.Debug|x86.ActiveCfg = Debug|Any CPU
		{869925F5-984B-41DC-B068-49B695D7524F}.Debug|x86.Build.0 = Debug|Any CPU
		{869925F5-984B-41DC-B068-49B695D7524F}.Release|Any CPU.ActiveCfg = Release|Any CPU
		{869925F5-984B-41DC-B068-49B695D7524F}.Release|Any CPU.Build.0 = Release|Any CPU
		{869925F5-984B-41DC-B068-49B695D7524F}.Release|x64.ActiveCfg = Release|Any CPU
		{869925F5-984B-41DC-B068-49B695D7524F}.Release|x64.Build.0 = Release|Any CPU
		{869925F5-984B-41DC-B068-49B695D7524F}.Release|x86.ActiveCfg = Release|Any CPU
		{869925F5-984B-41DC-B068-49B695D7524F}.Release|x86.Build.0 = Release|Any CPU
		{40322F10-A462-43D2-A95B-5A24699D55A3}.Debug|Any CPU.ActiveCfg = Debug|Any CPU
		{40322F10-A462-43D2-A95B-5A24699D55A3}.Debug|Any CPU.Build.0 = Debug|Any CPU
		{40322F10-A462-43D2-A95B-5A24699D55A3}.Debug|x64.ActiveCfg = Debug|Any CPU
		{40322F10-A462-43D2-A95B-5A24699D55A3}.Debug|x64.Build.0 = Debug|Any CPU
		{40322F10-A462-43D2-A95B-5A24699D55A3}.Debug|x86.ActiveCfg = Debug|Any CPU
		{40322F10-A462-43D2-A95B-5A24699D55A3}.Debug|x86.Build.0 = Debug|Any CPU
		{40322F10-A462-43D2-A95B-5A24699D55A3}.Release|Any CPU.ActiveCfg = Release|Any CPU
		{40322F10-A462-43D2-A95B-5A24699D55A3}.Release|Any CPU.Build.0 = Release|Any CPU
		{40322F10-A462-43D2-A95B-5A24699D55A3}.Release|x64.ActiveCfg = Release|Any CPU
		{40322F10-A462-43D2-A95B-5A24699D55A3}.Release|x64.Build.0 = Release|Any CPU
		{40322F10-A462-43D2-A95B-5A24699D55A3}.Release|x86.ActiveCfg = Release|Any CPU
		{40322F10-A462-43D2-A95B-5A24699D55A3}.Release|x86.Build.0 = Release|Any CPU
		{EB29114A-A89C-47B6-8913-89EAA0F72B58}.Debug|Any CPU.ActiveCfg = Debug|Any CPU
		{EB29114A-A89C-47B6-8913-89EAA0F72B58}.Debug|Any CPU.Build.0 = Debug|Any CPU
		{EB29114A-A89C-47B6-8913-89EAA0F72B58}.Debug|x64.ActiveCfg = Debug|Any CPU
		{EB29114A-A89C-47B6-8913-89EAA0F72B58}.Debug|x64.Build.0 = Debug|Any CPU
		{EB29114A-A89C-47B6-8913-89EAA0F72B58}.Debug|x86.ActiveCfg = Debug|Any CPU
		{EB29114A-A89C-47B6-8913-89EAA0F72B58}.Debug|x86.Build.0 = Debug|Any CPU
		{EB29114A-A89C-47B6-8913-89EAA0F72B58}.Release|Any CPU.ActiveCfg = Release|Any CPU
		{EB29114A-A89C-47B6-8913-89EAA0F72B58}.Release|Any CPU.Build.0 = Release|Any CPU
		{EB29114A-A89C-47B6-8913-89EAA0F72B58}.Release|x64.ActiveCfg = Release|Any CPU
		{EB29114A-A89C-47B6-8913-89EAA0F72B58}.Release|x64.Build.0 = Release|Any CPU
		{EB29114A-A89C-47B6-8913-89EAA0F72B58}.Release|x86.ActiveCfg = Release|Any CPU
		{EB29114A-A89C-47B6-8913-89EAA0F72B58}.Release|x86.Build.0 = Release|Any CPU
		{7FEFA76D-071F-4CED-86C9-AFCBB840D0B1}.Debug|Any CPU.ActiveCfg = Debug|Any CPU
		{7FEFA76D-071F-4CED-86C9-AFCBB840D0B1}.Debug|Any CPU.Build.0 = Debug|Any CPU
		{7FEFA76D-071F-4CED-86C9-AFCBB840D0B1}.Debug|x64.ActiveCfg = Debug|Any CPU
		{7FEFA76D-071F-4CED-86C9-AFCBB840D0B1}.Debug|x64.Build.0 = Debug|Any CPU
		{7FEFA76D-071F-4CED-86C9-AFCBB840D0B1}.Debug|x86.ActiveCfg = Debug|Any CPU
		{7FEFA76D-071F-4CED-86C9-AFCBB840D0B1}.Debug|x86.Build.0 = Debug|Any CPU
		{7FEFA76D-071F-4CED-86C9-AFCBB840D0B1}.Release|Any CPU.ActiveCfg = Release|Any CPU
		{7FEFA76D-071F-4CED-86C9-AFCBB840D0B1}.Release|Any CPU.Build.0 = Release|Any CPU
		{7FEFA76D-071F-4CED-86C9-AFCBB840D0B1}.Release|x64.ActiveCfg = Release|Any CPU
		{7FEFA76D-071F-4CED-86C9-AFCBB840D0B1}.Release|x64.Build.0 = Release|Any CPU
		{7FEFA76D-071F-4CED-86C9-AFCBB840D0B1}.Release|x86.ActiveCfg = Release|Any CPU
		{7FEFA76D-071F-4CED-86C9-AFCBB840D0B1}.Release|x86.Build.0 = Release|Any CPU
		{B9DBF4D9-FEDD-427C-8D99-87DE533166C3}.Debug|Any CPU.ActiveCfg = Debug|Win32
		{B9DBF4D9-FEDD-427C-8D99-87DE533166C3}.Debug|x64.ActiveCfg = Debug|x64
		{B9DBF4D9-FEDD-427C-8D99-87DE533166C3}.Debug|x64.Build.0 = Debug|x64
		{B9DBF4D9-FEDD-427C-8D99-87DE533166C3}.Debug|x86.ActiveCfg = Debug|Win32
		{B9DBF4D9-FEDD-427C-8D99-87DE533166C3}.Debug|x86.Build.0 = Debug|Win32
		{B9DBF4D9-FEDD-427C-8D99-87DE533166C3}.Release|Any CPU.ActiveCfg = Release|Win32
		{B9DBF4D9-FEDD-427C-8D99-87DE533166C3}.Release|x64.ActiveCfg = Release|x64
		{B9DBF4D9-FEDD-427C-8D99-87DE533166C3}.Release|x64.Build.0 = Release|x64
		{B9DBF4D9-FEDD-427C-8D99-87DE533166C3}.Release|x86.ActiveCfg = Release|Win32
		{B9DBF4D9-FEDD-427C-8D99-87DE533166C3}.Release|x86.Build.0 = Release|Win32
		{0DE5957F-D984-47AD-B09D-95189CFD7784}.Debug|Any CPU.ActiveCfg = Debug|Any CPU
		{0DE5957F-D984-47AD-B09D-95189CFD7784}.Debug|Any CPU.Build.0 = Debug|Any CPU
		{0DE5957F-D984-47AD-B09D-95189CFD7784}.Debug|x64.ActiveCfg = Debug|Any CPU
		{0DE5957F-D984-47AD-B09D-95189CFD7784}.Debug|x64.Build.0 = Debug|Any CPU
		{0DE5957F-D984-47AD-B09D-95189CFD7784}.Debug|x86.ActiveCfg = Debug|Any CPU
		{0DE5957F-D984-47AD-B09D-95189CFD7784}.Debug|x86.Build.0 = Debug|Any CPU
		{0DE5957F-D984-47AD-B09D-95189CFD7784}.Release|Any CPU.ActiveCfg = Release|Any CPU
		{0DE5957F-D984-47AD-B09D-95189CFD7784}.Release|Any CPU.Build.0 = Release|Any CPU
		{0DE5957F-D984-47AD-B09D-95189CFD7784}.Release|x64.ActiveCfg = Release|Any CPU
		{0DE5957F-D984-47AD-B09D-95189CFD7784}.Release|x64.Build.0 = Release|Any CPU
		{0DE5957F-D984-47AD-B09D-95189CFD7784}.Release|x86.ActiveCfg = Release|Any CPU
		{0DE5957F-D984-47AD-B09D-95189CFD7784}.Release|x86.Build.0 = Release|Any CPU
		{D01E690A-2983-408D-9D3D-70118F23D63B}.Debug|Any CPU.ActiveCfg = Debug|Any CPU
		{D01E690A-2983-408D-9D3D-70118F23D63B}.Debug|Any CPU.Build.0 = Debug|Any CPU
		{D01E690A-2983-408D-9D3D-70118F23D63B}.Debug|x64.ActiveCfg = Debug|Any CPU
		{D01E690A-2983-408D-9D3D-70118F23D63B}.Debug|x64.Build.0 = Debug|Any CPU
		{D01E690A-2983-408D-9D3D-70118F23D63B}.Debug|x86.ActiveCfg = Debug|Any CPU
		{D01E690A-2983-408D-9D3D-70118F23D63B}.Debug|x86.Build.0 = Debug|Any CPU
		{D01E690A-2983-408D-9D3D-70118F23D63B}.Release|Any CPU.ActiveCfg = Release|Any CPU
		{D01E690A-2983-408D-9D3D-70118F23D63B}.Release|Any CPU.Build.0 = Release|Any CPU
		{D01E690A-2983-408D-9D3D-70118F23D63B}.Release|x64.ActiveCfg = Release|Any CPU
		{D01E690A-2983-408D-9D3D-70118F23D63B}.Release|x64.Build.0 = Release|Any CPU
		{D01E690A-2983-408D-9D3D-70118F23D63B}.Release|x86.ActiveCfg = Release|Any CPU
		{D01E690A-2983-408D-9D3D-70118F23D63B}.Release|x86.Build.0 = Release|Any CPU
		{D804AB4D-3679-4BD2-A442-38DF452DBCAC}.Debug|Any CPU.ActiveCfg = Debug|Any CPU
		{D804AB4D-3679-4BD2-A442-38DF452DBCAC}.Debug|Any CPU.Build.0 = Debug|Any CPU
		{D804AB4D-3679-4BD2-A442-38DF452DBCAC}.Debug|x64.ActiveCfg = Debug|Any CPU
		{D804AB4D-3679-4BD2-A442-38DF452DBCAC}.Debug|x64.Build.0 = Debug|Any CPU
		{D804AB4D-3679-4BD2-A442-38DF452DBCAC}.Debug|x86.ActiveCfg = Debug|Any CPU
		{D804AB4D-3679-4BD2-A442-38DF452DBCAC}.Debug|x86.Build.0 = Debug|Any CPU
		{D804AB4D-3679-4BD2-A442-38DF452DBCAC}.Release|Any CPU.ActiveCfg = Release|Any CPU
		{D804AB4D-3679-4BD2-A442-38DF452DBCAC}.Release|Any CPU.Build.0 = Release|Any CPU
		{D804AB4D-3679-4BD2-A442-38DF452DBCAC}.Release|x64.ActiveCfg = Release|Any CPU
		{D804AB4D-3679-4BD2-A442-38DF452DBCAC}.Release|x64.Build.0 = Release|Any CPU
		{D804AB4D-3679-4BD2-A442-38DF452DBCAC}.Release|x86.ActiveCfg = Release|Any CPU
		{D804AB4D-3679-4BD2-A442-38DF452DBCAC}.Release|x86.Build.0 = Release|Any CPU
		{59312A31-333D-4410-A24E-AFF4BCC34A5E}.Debug|Any CPU.ActiveCfg = Debug|Any CPU
		{59312A31-333D-4410-A24E-AFF4BCC34A5E}.Debug|Any CPU.Build.0 = Debug|Any CPU
		{59312A31-333D-4410-A24E-AFF4BCC34A5E}.Debug|x64.ActiveCfg = Debug|Any CPU
		{59312A31-333D-4410-A24E-AFF4BCC34A5E}.Debug|x64.Build.0 = Debug|Any CPU
		{59312A31-333D-4410-A24E-AFF4BCC34A5E}.Debug|x86.ActiveCfg = Debug|Any CPU
		{59312A31-333D-4410-A24E-AFF4BCC34A5E}.Debug|x86.Build.0 = Debug|Any CPU
		{59312A31-333D-4410-A24E-AFF4BCC34A5E}.Release|Any CPU.ActiveCfg = Release|Any CPU
		{59312A31-333D-4410-A24E-AFF4BCC34A5E}.Release|Any CPU.Build.0 = Release|Any CPU
		{59312A31-333D-4410-A24E-AFF4BCC34A5E}.Release|x64.ActiveCfg = Release|Any CPU
		{59312A31-333D-4410-A24E-AFF4BCC34A5E}.Release|x64.Build.0 = Release|Any CPU
		{59312A31-333D-4410-A24E-AFF4BCC34A5E}.Release|x86.ActiveCfg = Release|Any CPU
		{59312A31-333D-4410-A24E-AFF4BCC34A5E}.Release|x86.Build.0 = Release|Any CPU
	EndGlobalSection
	GlobalSection(SolutionProperties) = preSolution
		HideSolutionNode = FALSE
	EndGlobalSection
	GlobalSection(NestedProjects) = preSolution
		{D8C438D3-616A-48E0-A7AF-F19859FBD5FD} = {66176A9D-969E-43DE-80B7-D52ECBE30EF5}
		{38F5467E-DDA8-4C63-8DD0-ADC4C91080A5} = {66176A9D-969E-43DE-80B7-D52ECBE30EF5}
		{869925F5-984B-41DC-B068-49B695D7524F} = {66176A9D-969E-43DE-80B7-D52ECBE30EF5}
		{40322F10-A462-43D2-A95B-5A24699D55A3} = {66176A9D-969E-43DE-80B7-D52ECBE30EF5}
		{EB29114A-A89C-47B6-8913-89EAA0F72B58} = {66176A9D-969E-43DE-80B7-D52ECBE30EF5}
		{0DE5957F-D984-47AD-B09D-95189CFD7784} = {66176A9D-969E-43DE-80B7-D52ECBE30EF5}
		{D01E690A-2983-408D-9D3D-70118F23D63B} = {66176A9D-969E-43DE-80B7-D52ECBE30EF5}
	EndGlobalSection
	GlobalSection(ExtensibilityGlobals) = postSolution
		VBProject = ..\BUILD\git_build.bld
		SolutionGuid = {F37A1A84-178A-43FC-9495-658825E89FBB}
	EndGlobalSection
EndGlobal
